
Microsoft Visual Studio Solution File, Format Version 12.00
# Visual Studio Version 17
VisualStudioVersion = 17.1.32407.343
MinimumVisualStudioVersion = 10.0.40219.1
Project("{FAE04EC0-301F-11D3-BF4B-00C04F79EFBC}") = "quiz-server", "quiz-server\quiz-server.csproj", "{4E1E1985-AD94-465B-BAC0-81B8A13E4FCB}"
EndProject
Global
	GlobalSection(SolutionConfigurationPlatforms) = preSolution
		Debug|Any CPU = Debug|Any CPU
		Release|Any CPU = Release|Any CPU
	EndGlobalSection
	GlobalSection(ProjectConfigurationPlatforms) = postSolution
		{4E1E1985-AD94-465B-BAC0-81B8A13E4FCB}.Debug|Any CPU.ActiveCfg = Debug|Any CPU
		{4E1E1985-AD94-465B-BAC0-81B8A13E4FCB}.Debug|Any CPU.Build.0 = Debug|Any CPU
		{4E1E1985-AD94-465B-BAC0-81B8A13E4FCB}.Release|Any CPU.ActiveCfg = Release|Any CPU
		{4E1E1985-AD94-465B-BAC0-81B8A13E4FCB}.Release|Any CPU.Build.0 = Release|Any CPU
	EndGlobalSection
	GlobalSection(SolutionProperties) = preSolution
		HideSolutionNode = FALSE
	EndGlobalSection
	GlobalSection(ExtensibilityGlobals) = postSolution
		SolutionGuid = {F0B08386-91E0-4975-88A7-39C58D981786}
	EndGlobalSection
EndGlobal
